
Microsoft Visual Studio Solution File, Format Version 12.00
# Visual Studio 15
VisualStudioVersion = 15.0.27130.2010
MinimumVisualStudioVersion = 10.0.40219.1
Project("{FAE04EC0-301F-11D3-BF4B-00C04F79EFBC}") = "DnsSrvResolver", "DnsSrvResolver\DnsSrvResolver.csproj", "{C494577C-6030-43FB-B848-E27ABF76C644}"
EndProject
Project("{9A19103F-16F7-4668-BE54-9A1E7A4F7556}") = "selfregisteringservice", "..\consulsqldemo\selfregisteringservice\selfregisteringservice.csproj", "{A2CF6345-864A-4583-8BD0-E1538B99E2FE}"
EndProject
Global
	GlobalSection(SolutionConfigurationPlatforms) = preSolution
		Debug|Any CPU = Debug|Any CPU
		Release|Any CPU = Release|Any CPU
	EndGlobalSection
	GlobalSection(ProjectConfigurationPlatforms) = postSolution
		{C494577C-6030-43FB-B848-E27ABF76C644}.Debug|Any CPU.ActiveCfg = Debug|Any CPU
		{C494577C-6030-43FB-B848-E27ABF76C644}.Debug|Any CPU.Build.0 = Debug|Any CPU
		{C494577C-6030-43FB-B848-E27ABF76C644}.Release|Any CPU.ActiveCfg = Release|Any CPU
		{C494577C-6030-43FB-B848-E27ABF76C644}.Release|Any CPU.Build.0 = Release|Any CPU
		{A2CF6345-864A-4583-8BD0-E1538B99E2FE}.Debug|Any CPU.ActiveCfg = Debug|Any CPU
		{A2CF6345-864A-4583-8BD0-E1538B99E2FE}.Debug|Any CPU.Build.0 = Debug|Any CPU
		{A2CF6345-864A-4583-8BD0-E1538B99E2FE}.Release|Any CPU.ActiveCfg = Release|Any CPU
		{A2CF6345-864A-4583-8BD0-E1538B99E2FE}.Release|Any CPU.Build.0 = Release|Any CPU
	EndGlobalSection
	GlobalSection(SolutionProperties) = preSolution
		HideSolutionNode = FALSE
	EndGlobalSection
	GlobalSection(ExtensibilityGlobals) = postSolution
		SolutionGuid = {5BBA04E6-F43F-4D60-8F53-C46AA0896BA0}
	EndGlobalSection
EndGlobal
